schema: '2.0'
stages:
  data_ingestion:
    cmd: python src/cnnClassifier/pipeline/stage_01_data_ingestion.py
    deps:
    - path: config/config.yaml
      hash: md5
      md5: 95771a90059051d43aa4d586cdb30b3a
      size: 578
    - path: src/cnnClassifier/pipeline/stage_01_data_ingestion.py
      hash: md5
      md5: b7dc99f20ec5b136ef221ef286116af3
      size: 949
    outs:
    - path: artifacts/data_ingestion/kidney_data
      hash: md5
      md5: 37515bb11b289cf75a2f07c53c8cceb9.dir
      size: 961115981
      nfiles: 7360
  prepare_base_model:
    cmd: python src/cnnClassifier/pipeline/stage_02_prepare_base.py
    deps:
    - path: config/config.yaml
      hash: md5
      md5: 95771a90059051d43aa4d586cdb30b3a
      size: 578
    - path: src/cnnClassifier/pipeline/stage_02_prepare_base.py
      hash: md5
      md5: 8dc12d5293cb0e8f346fd699645507a9
      size: 985
    params:
      params.yaml:
        CLASSES: 2
        IMAGE_SIZE:
        - 224
        - 224
        - 3
        INCLUDE_TOP: false
        LEARNING_RATE: 0.01
        WEIGHTS: imagenet
    outs:
    - path: artifacts/prepare_base_model
      hash: md5
      md5: 0ac680049d212cc6640a652c0f79ac69.dir
      size: 118054560
      nfiles: 2
  training:
    cmd: python src/cnnClassifier/pipeline/stage_03_model_training.py
    deps:
    - path: artifacts/data_ingestion/kidney_data
      hash: md5
      md5: 37515bb11b289cf75a2f07c53c8cceb9.dir
      size: 961115981
      nfiles: 7360
    - path: artifacts/prepare_base_model
      hash: md5
      md5: 0ac680049d212cc6640a652c0f79ac69.dir
      size: 118054560
      nfiles: 2
    - path: config/config.yaml
      hash: md5
      md5: 95771a90059051d43aa4d586cdb30b3a
      size: 578
    - path: src/cnnClassifier/pipeline/stage_03_model_training.py
      hash: md5
      md5: 145a32b3af3f18c11ff5de56756eef8c
      size: 905
    params:
      params.yaml:
        AUGMENTATION: true
        BATCH_SIZE: 16
        EPOCHS: 1
        IMAGE_SIZE:
        - 224
        - 224
        - 3
    outs:
    - path: artifacts/training/model.h5
      hash: md5
      md5: 2280a57bd9a14d24abf6542b24a4d08e
      size: 59337520
  evaluation:
    cmd: python src/cnnClassifier/pipeline/stage_04_model_evaluation_mlflow.py
    deps:
    - path: artifacts/data_ingestion/kidney_data
      hash: md5
      md5: 37515bb11b289cf75a2f07c53c8cceb9.dir
      size: 961115981
      nfiles: 7360
    - path: artifacts/training/model.h5
      hash: md5
      md5: 2280a57bd9a14d24abf6542b24a4d08e
      size: 59337520
    - path: config/config.yaml
      hash: md5
      md5: 95771a90059051d43aa4d586cdb30b3a
      size: 578
    - path: src/cnnClassifier/pipeline/stage_04_model_evaluation_mlflow.py
      hash: md5
      md5: af1415edc6aecad17702d43187a83737
      size: 936
    params:
      params.yaml:
        BATCH_SIZE: 16
        IMAGE_SIZE:
        - 224
        - 224
        - 3
    outs:
    - path: scores.json
      hash: md5
      md5: 362608724110cf46ca743a11d5f93a72
      size: 72
